<?xml version="1.0" encoding="UTF-8" standalone="yes" ?>
<CodeBlocks_project_file>
	<FileVersion major="1" minor="6" />
	<Project>
		<Option title="Shell Extensions Plugin" />
		<Option pch_mode="2" />
		<Option compiler="gcc" />
		<Build>
			<Target title="default">
				<Option output="$(#cb)/devel/share/codeblocks/plugins/libshellextensions.so" prefix_auto="0" extension_auto="0" />
				<Option working_dir="$(#cb)/devel" />
				<Option type="3" />
				<Option compiler="gcc" />
				<Option parameters="--personality=debug" />
				<Option host_application="$(#cb)/devel/codeblocks" />
				<Compiler>
					<Add option="-Wall" />
					<Add option="-g" />
				</Compiler>
				<ExtraCommands>
					<Add after="zip -j9 $(#cb)/devel/share/codeblocks/shellextensions.zip manifest.xml Resources/fileexplorersettings.xrc" />
				</ExtraCommands>
			</Target>
			<Target title="se-library">
				<Option output="$(#cb)/devel/se-common.so" prefix_auto="0" extension_auto="0" />
				<Option working_dir="$(#cb)/devel" />
				<Option type="3" />
				<Option compiler="gcc" />
				<Option parameters="--personality=debug" />
				<Compiler>
					<Add option="-Wall" />
					<Add option="-g" />
				</Compiler>
			</Target>
			<Target title="se-plugin">
				<Option output="$(#cb)/devel/share/codeblocks/plugins/libshellextensions.so" prefix_auto="0" extension_auto="0" />
				<Option working_dir="$(#cb)/devel" />
				<Option type="3" />
				<Option compiler="gcc" />
				<Option parameters="--personality=debug" />
				<Option host_application="$(#cb)/devel/codeblocks" />
				<Compiler>
					<Add option="-Wall" />
					<Add option="-g" />
				</Compiler>
				<Linker>
					<Add library="$(#cb)/devel/se-common.so" />
				</Linker>
				<ExtraCommands>
					<Add after="zip -j9 $(#cb)/devel/share/codeblocks/shellextensions.zip manifest.xml" />
				</ExtraCommands>
			</Target>
			<Target title="detachable">
				<Option output="$(#cb)/devel/share/codeblocks/plugins/libshellextensions.so" prefix_auto="0" extension_auto="0" />
				<Option working_dir="$(#cb)/devel" />
				<Option type="3" />
				<Option compiler="gcc" />
				<Option parameters="--personality=debug" />
				<Option host_application="$(#cb)/devel/codeblocks" />
				<Compiler>
					<Add option="-Wall" />
					<Add option="-g" />
					<Add option="-DCBIL_TEARAWAY" />
				</Compiler>
				<ExtraCommands>
					<Add after="zip -j9 $(#cb)/devel/share/codeblocks/shellextensions.zip manifest.xml Resources/fileexplorersettings.xrc" />
				</ExtraCommands>
			</Target>
		</Build>
		<Compiler>
			<Add option="-Wall" />
			<Add option="-g" />
			<Add option="`wx-config --cflags`" />
			<Add option="-fmessage-length=0" />
			<Add option="-fexceptions" />
			<Add option="-Winvalid-pch" />
			<Add option="-Ulinux" />
			<Add option="-Uunix" />
			<Add option="-fPIC" />
			<Add option="-DcbDEBUG" />
			<Add option="-DCB_PRECOMP" />
			<Add directory="$(#cb)/include" />
			<Add directory="$(#cb)/include/wxscintilla/include" />
			<Add directory="$(#cb)/include/wxFlatNotebook/include" />
		</Compiler>
		<Linker>
			<Add option="`wx-config --libs`" />
			<Add directory="$(#cb)/devel" />
		</Linker>
		<Unit filename="CmdConfigDialog.cpp">
			<Option target="default" />
			<Option target="se-plugin" />
			<Option target="detachable" />
		</Unit>
		<Unit filename="CmdConfigDialog.h">
			<Option target="default" />
			<Option target="se-plugin" />
			<Option target="detachable" />
		</Unit>
		<Unit filename="FileExplorer.cpp">
			<Option target="se-library" />
			<Option target="default" />
			<Option target="detachable" />
		</Unit>
		<Unit filename="FileExplorer.h">
			<Option target="se-library" />
			<Option target="default" />
			<Option target="detachable" />
		</Unit>
		<Unit filename="FileExplorerSettings.cpp">
			<Option target="se-plugin" />
			<Option target="default" />
			<Option target="detachable" />
		</Unit>
		<Unit filename="FileExplorerSettings.h">
			<Option target="se-plugin" />
			<Option target="default" />
			<Option target="detachable" />
		</Unit>
		<Unit filename="Resources/dialogs.fbp" />
		<Unit filename="Resources/fileexplorersettings.xrc">
			<Option target="default" />
			<Option target="se-plugin" />
			<Option target="detachable" />
		</Unit>
		<Unit filename="Resources/il_resources.xrc">
			<Option target="se-library" />
			<Option target="se-plugin" />
		</Unit>
		<Unit filename="ShellCtrl.cpp">
			<Option target="default" />
			<Option target="se-library" />
			<Option target="detachable" />
		</Unit>
		<Unit filename="ShellCtrl.h">
			<Option target="default" />
			<Option target="se-library" />
			<Option target="detachable" />
		</Unit>
		<Unit filename="ShellExtensions.cpp">
			<Option target="default" />
			<Option target="se-plugin" />
			<Option target="detachable" />
		</Unit>
		<Unit filename="ShellExtensions.h">
			<Option target="default" />
			<Option target="se-plugin" />
			<Option target="detachable" />
		</Unit>
		<Unit filename="manifest.xml">
			<Option target="default" />
			<Option target="se-plugin" />
			<Option target="detachable" />
		</Unit>
		<Unit filename="se_globals.cpp">
			<Option target="default" />
			<Option target="se-library" />
			<Option target="detachable" />
		</Unit>
		<Unit filename="se_globals.h">
			<Option target="default" />
			<Option target="se-library" />
			<Option target="detachable" />
		</Unit>
		<Unit filename="shellproperties.cpp">
			<Option target="default" />
			<Option target="se-plugin" />
			<Option target="detachable" />
		</Unit>
		<Unit filename="shellproperties.h">
			<Option target="default" />
			<Option target="se-plugin" />
			<Option target="detachable" />
		</Unit>
		<Extensions>
			<code_completion />
			<envvars />
			<wxsmith version="1">
				<gui name="wxWidgets" src="" main="" init_handlers="necessary" language="CPP" />
				<resources>
					<wxPanel wxs="wxsmith/CmdConfigDialog.wxs" src="CmdConfigDialog.cpp" hdr="CmdConfigDialog.h" name="CmdConfigDialog" language="CPP" />
				</resources>
			</wxsmith>
			<debugger />
		</Extensions>
	</Project>
</CodeBlocks_project_file>
