<?xml version="1.0" encoding="UTF-8" standalone="yes" ?>
<CodeBlocks_project_file>
	<FileVersion major="1" minor="6" />
	<Project>
		<Option title="PythonInterpreter" />
		<Option pch_mode="2" />
		<Option compiler="gcc" />
		<Build>
			<Target title="default">
				<Option output="PythonInterpreter" prefix_auto="0" extension_auto="1" />
				<Option working_dir="$(#cb)/devel" />
				<Option type="3" />
				<Option compiler="gcc" />
				<Option parameters="--debug-log --multiple-instance -ns -ni -p debug" />
				<Option host_application="$(#cb)/devel/codeblocks" />
				<Option run_host_application_in_terminal="0" />
				<Compiler>
					<Add option="-g" />
					<Add option="`wx-config --cflags`" />
					<Add option="`pkg-config --cflags codeblocks`" />
				</Compiler>
				<Linker>
					<Add option="-Wl,-z,defs" />
					<Add library="codeblocks" />
					<Add library="../XmlRpcEmbedder/XMLRPC/libXmlRpc.a" />
					<Add library="XmlRpcEmbedder" />
					<Add library="shelldock" />
				</Linker>
				<ExtraCommands>
					<Add after="zip -j9 PythonInterpreter.zip manifest.xml" />
					<Add after="zip -r9 PythonInterpreter.cbplugin PythonInterpreter.so PythonInterpreter.zip python/interp.py" />
				</ExtraCommands>
			</Target>
			<Target title="toolspluslink">
				<Option output="PythonInterpreter" prefix_auto="0" extension_auto="1" />
				<Option type="3" />
				<Option compiler="gcc" />
				<Option parameters="--debug-log --multiple-instance -ns -ni -p debug" />
				<Option host_application="$(#cb)/devel/codeblocks" />
				<Option run_host_application_in_terminal="0" />
				<Compiler>
					<Add option="-g" />
					<Add option="`wx-config --cflags`" />
					<Add option="`pkg-config --cflags codeblocks`" />
					<Add option="-DTOOLSPLUSLINK" />
					<Add directory="$(#cb)/plugins/contrib/ToolsPlus" />
				</Compiler>
				<Linker>
					<Add option="-Wl,-z,defs" />
					<Add library="codeblocks" />
					<Add library="XmlRpcEmbedder" />
					<Add library="$(#cb)/devel/share/codeblocks/plugins/libToolsPlus.so" />
				</Linker>
				<ExtraCommands>
					<Add after="zip -j9 PythonInterpreter.zip manifest.xml" />
					<Add after="zip -r9 PythonInterpreter.cbplugin PythonInterpreter.so PythonInterpreter.zip python/interp.py" />
				</ExtraCommands>
			</Target>
			<Target title="test_simple">
				<Option output="PythonInterpreter" prefix_auto="0" extension_auto="1" />
				<Option type="3" />
				<Option compiler="gcc" />
				<Option parameters="--debug-log --multiple-instance -ns -ni -p debug" />
				<Option host_application="$(#cb)/devel/codeblocks" />
				<Option run_host_application_in_terminal="0" />
				<Compiler>
					<Add option="-g" />
					<Add option="`wx-config --cflags`" />
					<Add option="`pkg-config --cflags codeblocks`" />
				</Compiler>
				<Linker>
					<Add library="codeblocks" />
					<Add library="../XmlRpcEmbedder/XMLRPC/libXmlRpc.a" />
					<Add library="XmlRpcEmbedder" />
					<Add library="$(#cb)/devel/share/codeblocks/plugins/libtodo.so" />
				</Linker>
				<ExtraCommands>
					<Add after="zip -j9 PythonInterpreter.zip manifest.xml" />
					<Add after="zip -r9 PythonInterpreter.cbplugin PythonInterpreter.so PythonInterpreter.zip python/interp.py" />
				</ExtraCommands>
			</Target>
			<Environment>
				<Variable name="py" value="python2.5" />
				<Variable name="wx=$wx_LINUX" value="" />
			</Environment>
		</Build>
		<Compiler>
			<Add option="-Wall" />
			<Add option="-ansi" />
			<Add option="-g" />
			<Add option="`wx-config --cflags`" />
			<Add option="-fmessage-length=0" />
			<Add option="-fexceptions" />
			<Add option="-Winvalid-pch" />
			<Add option="-fPIC" />
			<Add option="-DcbDEBUG" />
			<Add option="-DCB_PRECOMP" />
			<Add directory="../XmlRpcEmbedder" />
			<Add directory="../XmlRpcEmbedder/XMLRPC/include" />
			<Add directory="$(#cb)/include" />
		</Compiler>
		<Linker>
			<Add option="`wx-config --libs`" />
			<Add directory="../XmlRpcEmbedder/XMLRPC" />
			<Add directory="../XmlRpcEmbedder" />
			<Add directory="$(#cb)/devel" />
		</Linker>
		<Unit filename="PythonInterpCtrl.cpp">
			<Option target="default" />
			<Option target="toolspluslink" />
		</Unit>
		<Unit filename="PythonInterpCtrl.h">
			<Option target="default" />
			<Option target="toolspluslink" />
		</Unit>
		<Unit filename="PythonInterpreter.cpp" />
		<Unit filename="PythonInterpreter.h" />
		<Unit filename="Resources/dialogs.fbp">
			<Option target="&lt;{~None~}&gt;" />
		</Unit>
		<Unit filename="manifest.xml" />
		<Unit filename="python/interp.py" />
		<Unit filename="python/interp_client.py">
			<Option target="&lt;{~None~}&gt;" />
		</Unit>
		<Extensions>
			<code_completion />
			<envvars />
			<debugger />
		</Extensions>
	</Project>
</CodeBlocks_project_file>
