<?xml version="1.0" encoding="UTF-8" standalone="yes" ?>
<CodeBlocks_project_file>
	<FileVersion major="1" minor="6" />
	<Project>
		<Option title="Python-Plugin-Unix" />
		<Option pch_mode="2" />
		<Option compiler="gcc" />
		<Build>
			<Target title="default">
				<Option output="$(#cb)/devel/share/codeblocks/plugins/libPyPlugin.so" prefix_auto="0" extension_auto="0" />
				<Option working_dir="$(#cb)/devel" />
				<Option type="3" />
				<Option compiler="gcc" />
				<Option parameters="--personality=debug" />
				<Option host_application="$(#cb)/devel/run.sh" />
				<Compiler>
					<Add option="-g" />
				</Compiler>
				<Linker>
					<Add library="codeblocks" />
				</Linker>
				<ExtraCommands>
					<Add after="zip -j9 $(#cb)/devel/share/codeblocks/PyPlugin.zip manifest.xml Resources/*.xrc Resources/images/*.png Resources/images/16x16/*.png" />
				</ExtraCommands>
			</Target>
			<Target title="experimental">
				<Option output="$(#cb)/devel/share/codeblocks/plugins/libPyPlugin.so" prefix_auto="0" extension_auto="0" />
				<Option working_dir="$(#cb)/devel" />
				<Option type="3" />
				<Option compiler="gcc" />
				<Option parameters="--personality=debug" />
				<Option host_application="$(#cb)/devel/codeblocks" />
				<Compiler>
					<Add option="-g" />
					<Add option="-DEXPERIMENTAL_PYTHON_DEBUG" />
					<Add directory="../InterpretedLangs" />
				</Compiler>
				<Linker>
					<Add library="codeblocks" />
				</Linker>
				<ExtraCommands>
					<Add after="zip -j9 $(#cb)/devel/share/codeblocks/PyPlugin.zip manifest.xml Resources/*.xrc Resources/images/*.png Resources/images/16x16/*.png" />
				</ExtraCommands>
			</Target>
			<Environment>
				<Variable name="wx=$wx_LINUX" value="" />
				<Variable name="py" value="python2.5" />
			</Environment>
		</Build>
		<Compiler>
			<Add option="-Wall" />
			<Add option="-g" />
			<Add option="`wx-config --cflags`" />
			<Add option="-fmessage-length=0" />
			<Add option="-fexceptions" />
			<Add option="-Winvalid-pch" />
			<Add option="-Ulinux" />
			<Add option="-Uunix" />
			<Add option="-fPIC" />
			<Add option="-DcbDEBUG" />
			<Add option="-DCB_PRECOMP" />
			<Add directory="$(#cb)/include" />
			<Add directory="$(#cb)/include/wxscintilla/include" />
			<Add directory="/usr/include/$py" />
			<Add directory="/usr/include/codeblocks" />
			<Add directory="/usr/include/codeblocks/wxscintilla/include" />
			<Add directory="/home/damien/src/xmlrpc++0.7/include" />
		</Compiler>
		<Linker>
			<Add option="`wx-config --libs`" />
			<Add library="libXmlRpc" />
			<Add directory="$(#cb)/devel" />
			<Add directory="/home/damien/src/xmlrpc++0.7/lib" />
		</Linker>
		<Unit filename="CodeBrowsingSamples/browse.py" />
		<Unit filename="CodeBrowsingSamples/cb_py_interpreter_code.py" />
		<Unit filename="ConfigDialog.cpp" />
		<Unit filename="ConfigDialog.h" />
		<Unit filename="PyEvalJob.cpp">
			<Option target="&lt;{~None~}&gt;" />
		</Unit>
		<Unit filename="PyEvalJob.h">
			<Option target="&lt;{~None~}&gt;" />
		</Unit>
		<Unit filename="PyPlugin.cpp" />
		<Unit filename="PyPlugin.h" />
		<Unit filename="Resources/dialogs.fbp" />
		<Unit filename="dialogs.cpp" />
		<Unit filename="dialogs.h" />
		<Unit filename="manifest.xml" />
		<Unit filename="pdb2.py">
			<Option target="default" />
		</Unit>
		<Unit filename="py_embedder.cpp">
			<Option target="experimental" />
		</Unit>
		<Unit filename="py_embedder.h">
			<Option target="experimental" />
		</Unit>
		<Unit filename="python/interp.py">
			<Option target="experimental" />
		</Unit>
		<Unit filename="python/interp_client.py">
			<Option target="experimental" />
		</Unit>
		<Extensions>
			<code_completion />
			<envvars />
			<debugger />
		</Extensions>
	</Project>
</CodeBlocks_project_file>
